
Microsoft Visual Studio Solution File, Format Version 12.00
# Visual Studio Version 17
VisualStudioVersion = 17.9.34701.34
MinimumVisualStudioVersion = 10.0.40219.1
Project("{FAE04EC0-301F-11D3-BF4B-00C04F79EFBC}") = "CPServer", "CPServer\CPServer.csproj", "{B237F0EA-2227-437C-ACAE-117A1815B829}"
EndProject
Project("{FAE04EC0-301F-11D3-BF4B-00C04F79EFBC}") = "CPClient", "CPClient\CPClient.csproj", "{7594D86E-DFAB-4208-8543-DC8A2B7EE110}"
EndProject
Global
	GlobalSection(SolutionConfigurationPlatforms) = preSolution
		Debug|Any CPU = Debug|Any CPU
		Release|Any CPU = Release|Any CPU
	EndGlobalSection
	GlobalSection(ProjectConfigurationPlatforms) = postSolution
		{B237F0EA-2227-437C-ACAE-117A1815B829}.Debug|Any CPU.ActiveCfg = Debug|Any CPU
		{B237F0EA-2227-437C-ACAE-117A1815B829}.Debug|Any CPU.Build.0 = Debug|Any CPU
		{B237F0EA-2227-437C-ACAE-117A1815B829}.Release|Any CPU.ActiveCfg = Release|Any CPU
		{B237F0EA-2227-437C-ACAE-117A1815B829}.Release|Any CPU.Build.0 = Release|Any CPU
		{7594D86E-DFAB-4208-8543-DC8A2B7EE110}.Debug|Any CPU.ActiveCfg = Debug|Any CPU
		{7594D86E-DFAB-4208-8543-DC8A2B7EE110}.Debug|Any CPU.Build.0 = Debug|Any CPU
		{7594D86E-DFAB-4208-8543-DC8A2B7EE110}.Release|Any CPU.ActiveCfg = Release|Any CPU
		{7594D86E-DFAB-4208-8543-DC8A2B7EE110}.Release|Any CPU.Build.0 = Release|Any CPU
	EndGlobalSection
	GlobalSection(SolutionProperties) = preSolution
		HideSolutionNode = FALSE
	EndGlobalSection
	GlobalSection(ExtensibilityGlobals) = postSolution
		SolutionGuid = {79C8C50A-2D48-42DD-97CE-953BDA3AC290}
	EndGlobalSection
EndGlobal
